{
    "_meta": {
        "hash": {
            "sha256": "1038f68a88302029cb572e7a0eca0cea0fa6116ab8d3c736554c3ff2f0b6ab68"
        },
        "pipfile-spec": 6,
        "requires": {
            "python_version": "3.10"
        },
        "sources": [
            {
                "name": "pypi",
                "url": "https://pypi.org/simple",
                "verify_ssl": true
            }
        ]
    },
    "default": {
        "certifi": {
            "hashes": [
                "sha256:84c85a9078b11105f04f3036a9482ae10e4621616db313fe045dd24743a0820d",
                "sha256:fe86415d55e84719d75f8b69414f6438ac3547d2078ab91b67e779ef69378412"
            ],
            "markers": "python_version >= '3.6'",
            "version": "==2022.6.15"
        },
        "charset-normalizer": {
            "hashes": [
                "sha256:5a3d016c7c547f69d6f81fb0db9449ce888b418b5b9952cc5e6e66843e9dd845",
                "sha256:83e9a75d1911279afd89352c68b45348559d1fc0506b054b346651b5e7fee29f"
            ],
            "markers": "python_version >= '3.6'",
            "version": "==2.1.1"
        },
        "colorama": {
            "hashes": [
                "sha256:854bf444933e37f5824ae7bfc1e98d5bce2ebe4160d46b5edf346a89358e99da",
                "sha256:e6c6b4334fc50988a639d9b98aa429a0b57da6e17b9a44f0451f930b6967b7a4"
            ],
            "markers": "platform_system == 'Windows'",
            "version": "==0.4.5"
        },
        "colorful": {
            "hashes": [
                "sha256:86848ad4e2eda60cd2519d8698945d22f6f6551e23e95f3f14dfbb60997807ea",
                "sha256:8d264b52a39aae4c0ba3e2a46afbaec81b0559a99be0d2cfe2aba4cf94531348"
            ],
            "version": "==0.5.4"
        },
        "decorator": {
            "hashes": [
                "sha256:41fa54c2a0cc4ba648be4fd43cff00aedf5b9465c9bf18d64325bc225f08f760",
                "sha256:e3a62f0520172440ca0dcc823749319382e377f37f140a0b99ef45fecb84bfe7"
            ],
            "version": "==4.4.2"
        },
        "emoji-country-flag": {
            "hashes": [
                "sha256:642784100572912e625023a4ab8755319857d2079b0af491f42908af563ba717",
                "sha256:f45ca84ce67e6c77ececceb79ac79f044da747454da3e6c8dce44fa2547eceb9"
            ],
            "index": "pypi",
            "version": "==1.3.1"
        },
        "idna": {
            "hashes": [
                "sha256:84d9dd047ffa80596e0f246e2eab0b391788b0503584e8945f2368256d2735ff",
                "sha256:9d643ff0a55b762d5cdb124b8eaa99c66322e2157b69160bc32796e824360e6d"
            ],
            "markers": "python_version >= '3.5'",
            "version": "==3.3"
        },
        "imageio": {
            "hashes": [
                "sha256:5702e7b4874bdb2f428b08c7491699b44842129d412cdaa7177ba7ff059deb2c",
                "sha256:abe8aa4f2ac71a1b79094a01eb46d3acc150d11b4b79dbe353edfefb566ad541"
            ],
            "markers": "python_version >= '3.4'",
            "version": "==2.21.2"
        },
        "imageio-ffmpeg": {
            "hashes": [
                "sha256:27b48c32becae1658aa81c3a6b922538e4099edf5fbcbdb4ff5dbc84b8ffd3d3",
                "sha256:6514f1380daf42815bc8c83aad63f33e0b8b47133421ddafe7b410cd8dfbbea5",
                "sha256:6aba52ddf0a64442ffcb8d30ac6afb668186acec99ecbc7ae5bd171c4f500bbc",
                "sha256:7a08838f97f363e37ca41821b864fd3fdc99ab1fe2421040c78eb5f56a9e723e",
                "sha256:8e724d12dfe83e2a6eb39619e820243ca96c81c47c2648e66e05f7ee24e14312",
                "sha256:fc60686ef03c2d0f842901b206223c30051a6a120384458761390104470846fd"
            ],
            "markers": "python_version >= '3.4'",
            "version": "==0.4.7"
        },
        "moviepy": {
            "hashes": [
                "sha256:2884e35d1788077db3ff89e763c5ba7bfddbd7ae9108c9bc809e7ba58fa433f5"
            ],
            "index": "pypi",
            "version": "==1.0.3"
        },
        "numpy": {
            "hashes": [
                "sha256:17e5226674f6ea79e14e3b91bfbc153fdf3ac13f5cc54ee7bc8fdbe820a32da0",
                "sha256:2bd879d3ca4b6f39b7770829f73278b7c5e248c91d538aab1e506c628353e47f",
                "sha256:4f41f5bf20d9a521f8cab3a34557cd77b6f205ab2116651f12959714494268b0",
                "sha256:5593f67e66dea4e237f5af998d31a43e447786b2154ba1ad833676c788f37cde",
                "sha256:5e28cd64624dc2354a349152599e55308eb6ca95a13ce6a7d5679ebff2962913",
                "sha256:633679a472934b1c20a12ed0c9a6c9eb167fbb4cb89031939bfd03dd9dbc62b8",
                "sha256:806970e69106556d1dd200e26647e9bee5e2b3f1814f9da104a943e8d548ca38",
                "sha256:806cc25d5c43e240db709875e947076b2826f47c2c340a5a2f36da5bb10c58d6",
                "sha256:8247f01c4721479e482cc2f9f7d973f3f47810cbc8c65e38fd1bbd3141cc9842",
                "sha256:8ebf7e194b89bc66b78475bd3624d92980fca4e5bb86dda08d677d786fefc414",
                "sha256:8ecb818231afe5f0f568c81f12ce50f2b828ff2b27487520d85eb44c71313b9e",
                "sha256:8f9d84a24889ebb4c641a9b99e54adb8cab50972f0166a3abc14c3b93163f074",
                "sha256:909c56c4d4341ec8315291a105169d8aae732cfb4c250fbc375a1efb7a844f8f",
                "sha256:9b83d48e464f393d46e8dd8171687394d39bc5abfe2978896b77dc2604e8635d",
                "sha256:ac987b35df8c2a2eab495ee206658117e9ce867acf3ccb376a19e83070e69418",
                "sha256:b78d00e48261fbbd04aa0d7427cf78d18401ee0abd89c7559bbf422e5b1c7d01",
                "sha256:b8b97a8a87cadcd3f94659b4ef6ec056261fa1e1c3317f4193ac231d4df70215",
                "sha256:bd5b7ccae24e3d8501ee5563e82febc1771e73bd268eef82a1e8d2b4d556ae66",
                "sha256:bdc02c0235b261925102b1bd586579b7158e9d0d07ecb61148a1799214a4afd5",
                "sha256:be6b350dfbc7f708d9d853663772a9310783ea58f6035eec649fb9c4371b5389",
                "sha256:c403c81bb8ffb1c993d0165a11493fd4bf1353d258f6997b3ee288b0a48fce77",
                "sha256:cf8c6aed12a935abf2e290860af8e77b26a042eb7f2582ff83dc7ed5f963340c",
                "sha256:d98addfd3c8728ee8b2c49126f3c44c703e2b005d4a95998e2167af176a9e722",
                "sha256:dc76bca1ca98f4b122114435f83f1fcf3c0fe48e4e6f660e07996abf2f53903c",
                "sha256:dec198619b7dbd6db58603cd256e092bcadef22a796f778bf87f8592b468441d",
                "sha256:df28dda02c9328e122661f399f7655cdcbcf22ea42daa3650a26bce08a187450",
                "sha256:e603ca1fb47b913942f3e660a15e55a9ebca906857edfea476ae5f0fe9b457d5",
                "sha256:ecfdd68d334a6b97472ed032b5b37a30d8217c097acfff15e8452c710e775524"
            ],
            "markers": "python_version != '2.7'",
            "version": "==1.23.2"
        },
        "pillow": {
            "hashes": [
                "sha256:0030fdbd926fb85844b8b92e2f9449ba89607231d3dd597a21ae72dc7fe26927",
                "sha256:030e3460861488e249731c3e7ab59b07c7853838ff3b8e16aac9561bb345da14",
                "sha256:0ed2c4ef2451de908c90436d6e8092e13a43992f1860275b4d8082667fbb2ffc",
                "sha256:136659638f61a251e8ed3b331fc6ccd124590eeff539de57c5f80ef3a9594e58",
                "sha256:13b725463f32df1bfeacbf3dd197fb358ae8ebcd8c5548faa75126ea425ccb60",
                "sha256:1536ad017a9f789430fb6b8be8bf99d2f214c76502becc196c6f2d9a75b01b76",
                "sha256:15928f824870535c85dbf949c09d6ae7d3d6ac2d6efec80f3227f73eefba741c",
                "sha256:17d4cafe22f050b46d983b71c707162d63d796a1235cdf8b9d7a112e97b15bac",
                "sha256:1802f34298f5ba11d55e5bb09c31997dc0c6aed919658dfdf0198a2fe75d5490",
                "sha256:1cc1d2451e8a3b4bfdb9caf745b58e6c7a77d2e469159b0d527a4554d73694d1",
                "sha256:1fd6f5e3c0e4697fa7eb45b6e93996299f3feee73a3175fa451f49a74d092b9f",
                "sha256:254164c57bab4b459f14c64e93df11eff5ded575192c294a0c49270f22c5d93d",
                "sha256:2ad0d4df0f5ef2247e27fc790d5c9b5a0af8ade9ba340db4a73bb1a4a3e5fb4f",
                "sha256:2c58b24e3a63efd22554c676d81b0e57f80e0a7d3a5874a7e14ce90ec40d3069",
                "sha256:2d33a11f601213dcd5718109c09a52c2a1c893e7461f0be2d6febc2879ec2402",
                "sha256:336b9036127eab855beec9662ac3ea13a4544a523ae273cbf108b228ecac8437",
                "sha256:337a74fd2f291c607d220c793a8135273c4c2ab001b03e601c36766005f36885",
                "sha256:37ff6b522a26d0538b753f0b4e8e164fdada12db6c6f00f62145d732d8a3152e",
                "sha256:3d1f14f5f691f55e1b47f824ca4fdcb4b19b4323fe43cc7bb105988cad7496be",
                "sha256:4134d3f1ba5f15027ff5c04296f13328fecd46921424084516bdb1b2548e66ff",
                "sha256:4ad2f835e0ad81d1689f1b7e3fbac7b01bb8777d5a985c8962bedee0cc6d43da",
                "sha256:50dff9cc21826d2977ef2d2a205504034e3a4563ca6f5db739b0d1026658e004",
                "sha256:510cef4a3f401c246cfd8227b300828715dd055463cdca6176c2e4036df8bd4f",
                "sha256:5aed7dde98403cd91d86a1115c78d8145c83078e864c1de1064f52e6feb61b20",
                "sha256:69bd1a15d7ba3694631e00df8de65a8cb031911ca11f44929c97fe05eb9b6c1d",
                "sha256:6bf088c1ce160f50ea40764f825ec9b72ed9da25346216b91361eef8ad1b8f8c",
                "sha256:6e8c66f70fb539301e064f6478d7453e820d8a2c631da948a23384865cd95544",
                "sha256:74a04183e6e64930b667d321524e3c5361094bb4af9083db5c301db64cd341f3",
                "sha256:75e636fd3e0fb872693f23ccb8a5ff2cd578801251f3a4f6854c6a5d437d3c04",
                "sha256:7761afe0126d046974a01e030ae7529ed0ca6a196de3ec6937c11df0df1bc91c",
                "sha256:7888310f6214f19ab2b6df90f3f06afa3df7ef7355fc025e78a3044737fab1f5",
                "sha256:7b0554af24df2bf96618dac71ddada02420f946be943b181108cac55a7a2dcd4",
                "sha256:7c7b502bc34f6e32ba022b4a209638f9e097d7a9098104ae420eb8186217ebbb",
                "sha256:808add66ea764ed97d44dda1ac4f2cfec4c1867d9efb16a33d158be79f32b8a4",
                "sha256:831e648102c82f152e14c1a0938689dbb22480c548c8d4b8b248b3e50967b88c",
                "sha256:93689632949aff41199090eff5474f3990b6823404e45d66a5d44304e9cdc467",
                "sha256:96b5e6874431df16aee0c1ba237574cb6dff1dcb173798faa6a9d8b399a05d0e",
                "sha256:9a54614049a18a2d6fe156e68e188da02a046a4a93cf24f373bffd977e943421",
                "sha256:a138441e95562b3c078746a22f8fca8ff1c22c014f856278bdbdd89ca36cff1b",
                "sha256:a647c0d4478b995c5e54615a2e5360ccedd2f85e70ab57fbe817ca613d5e63b8",
                "sha256:a9c9bc489f8ab30906d7a85afac4b4944a572a7432e00698a7239f44a44e6efb",
                "sha256:ad2277b185ebce47a63f4dc6302e30f05762b688f8dc3de55dbae4651872cdf3",
                "sha256:adabc0bce035467fb537ef3e5e74f2847c8af217ee0be0455d4fec8adc0462fc",
                "sha256:b6d5e92df2b77665e07ddb2e4dbd6d644b78e4c0d2e9272a852627cdba0d75cf",
                "sha256:bc431b065722a5ad1dfb4df354fb9333b7a582a5ee39a90e6ffff688d72f27a1",
                "sha256:bdd0de2d64688ecae88dd8935012c4a72681e5df632af903a1dca8c5e7aa871a",
                "sha256:c79698d4cd9318d9481d89a77e2d3fcaeff5486be641e60a4b49f3d2ecca4e28",
                "sha256:cb6259196a589123d755380b65127ddc60f4c64b21fc3bb46ce3a6ea663659b0",
                "sha256:d5b87da55a08acb586bad5c3aa3b86505f559b84f39035b233d5bf844b0834b1",
                "sha256:dcd7b9c7139dc8258d164b55696ecd16c04607f1cc33ba7af86613881ffe4ac8",
                "sha256:dfe4c1fedfde4e2fbc009d5ad420647f7730d719786388b7de0999bf32c0d9fd",
                "sha256:ea98f633d45f7e815db648fd7ff0f19e328302ac36427343e4432c84432e7ff4",
                "sha256:ec52c351b35ca269cb1f8069d610fc45c5bd38c3e91f9ab4cbbf0aebc136d9c8",
                "sha256:eef7592281f7c174d3d6cbfbb7ee5984a671fcd77e3fc78e973d492e9bf0eb3f",
                "sha256:f07f1f00e22b231dd3d9b9208692042e29792d6bd4f6639415d2f23158a80013",
                "sha256:f3fac744f9b540148fa7715a435d2283b71f68bfb6d4aae24482a890aed18b59",
                "sha256:fa768eff5f9f958270b081bb33581b4b569faabf8774726b283edb06617101dc",
                "sha256:fac2d65901fb0fdf20363fbd345c01958a742f2dc62a8dd4495af66e3ff502a4"
            ],
            "markers": "python_version >= '3.7'",
            "version": "==9.2.0"
        },
        "prettyprinter": {
            "hashes": [
                "sha256:358a58f276cb312e3ca29d7a7f244c91e4e0bda7848249d30e4f36d2eb58b67c",
                "sha256:9fe5da7ec53510881dd35d7a5c677ba45f34cfe6a8e78d1abd20652cf82139a8"
            ],
            "index": "pypi",
            "version": "==0.18.0"
        },
        "proglog": {
            "hashes": [
                "sha256:19d5da037e8c813da480b741e3fa71fb1ac0a5b02bf21c41577c7f327485ec50",
                "sha256:658c28c9c82e4caeb2f25f488fff9ceace22f8d69b15d0c1c86d64275e4ddab4"
            ],
            "version": "==0.1.10"
        },
        "prompt-toolkit": {
            "hashes": [
                "sha256:7281b5199235adaef6980942840c43753e4ab20dfe41338da634fb41c194f9d8",
                "sha256:82c7f8e07d7a0411ff5367a5a8ff520f0112b9179f3e599ee8ad2ad9b943d911",
                "sha256:cc66413b1b4b17021675d9f2d15d57e640b06ddfd99bb724c73484126d22622f"
            ],
            "index": "pypi",
            "version": "==1.0.14"
        },
        "pygments": {
            "hashes": [
                "sha256:56a8508ae95f98e2b9bdf93a6be5ae3f7d8af858b43e02c5a2ff083726be40c1",
                "sha256:f643f331ab57ba3c9d89212ee4a2dabc6e94f117cf4eefde99a0574720d14c42"
            ],
            "markers": "python_version >= '3.6'",
            "version": "==2.13.0"
        },
        "pytube": {
            "hashes": [
                "sha256:6de1f3a4cb125dd6ff912598c7e88a866325a63cc91755cae616f53c40ae5503",
                "sha256:c2e4b1ffdf9eca4c287f881557a6b4f98dd287ecfa06e2e5d5936d39c5f4d8da"
            ],
            "index": "pypi",
            "version": "==12.1.0"
        },
        "requests": {
            "hashes": [
                "sha256:7c5599b102feddaa661c826c56ab4fee28bfd17f5abca1ebbe3e7f19d7c97983",
                "sha256:8fefa2a1a1365bf5520aac41836fbee479da67864514bdb821f31ce07ce65349"
            ],
            "markers": "python_version >= '3.7' and python_version < '4'",
            "version": "==2.28.1"
        },
        "six": {
            "hashes": [
                "sha256:1e61c37477a1626458e36f7b1d82aa5c9b094fa4802892072e49de9c60c4c926",
                "sha256:8abb2f1d86890a2dfb989f9a77cfcfd3e47c2a354b01111771326f8aa26e0254"
            ],
            "markers": "python_version >= '2.7' and python_version not in '3.0, 3.1, 3.2, 3.3'",
            "version": "==1.16.0"
        },
        "tqdm": {
            "hashes": [
                "sha256:5f4f682a004951c1b450bc753c710e9280c5746ce6ffedee253ddbcbf54cf1e4",
                "sha256:6fee160d6ffcd1b1c68c65f14c829c22832bc401726335ce92c52d395944a6a1"
            ],
            "markers": "python_version >= '2.7' and python_version not in '3.0, 3.1, 3.2, 3.3'",
            "version": "==4.64.1"
        },
        "urllib3": {
            "hashes": [
                "sha256:3fa96cf423e6987997fc326ae8df396db2a8b7c667747d47ddd8ecba91f4a74e",
                "sha256:b930dd878d5a8afb066a637fbb35144fe7901e3b209d1cd4f524bd0e9deee997"
            ],
            "markers": "python_version >= '2.7' and python_version not in '3.0, 3.1, 3.2, 3.3, 3.4, 3.5' and python_version < '4'",
            "version": "==1.26.12"
        },
        "wcwidth": {
            "hashes": [
                "sha256:beb4802a9cebb9144e99086eff703a642a13d6a0052920003a230f3294bbe784",
                "sha256:c4d647b99872929fdb7bdcaa4fbe7f01413ed3d98077df798530e5b04f116c83"
            ],
            "version": "==0.2.5"
        }
    },
    "develop": {
        "autopep8": {
            "hashes": [
                "sha256:6f09e90a2be784317e84dc1add17ebfc7abe3924239957a37e5040e27d812087",
                "sha256:ca9b1a83e53a7fad65d731dc7a2a2d50aa48f43850407c59f6a1a306c4201142"
            ],
            "index": "pypi",
            "version": "==1.7.0"
        },
        "pycodestyle": {
            "hashes": [
                "sha256:2c9607871d58c76354b697b42f5d57e1ada7d261c261efac224b664affdc5785",
                "sha256:d1735fc58b418fd7c5f658d28d943854f8a849b01a5d0a1e6f3f3fdd0166804b"
            ],
            "markers": "python_version >= '3.6'",
            "version": "==2.9.1"
        },
        "toml": {
            "hashes": [
                "sha256:806143ae5bfb6a3c6e736a764057db0e6a0e05e338b5630894a5f779cabb4f9b",
                "sha256:b3bda1d108d5dd99f4a20d24d9c348e91c4db7ab1b749200bded2f839ccbe68f"
            ],
            "markers": "python_version >= '2.6' and python_version not in '3.0, 3.1, 3.2, 3.3'",
            "version": "==0.10.2"
        }
    }
}
